Microsoft Visual Studio Solution File, Format Version 12.00
# Visual Studio 15
VisualStudioVersion = 15.0.27130.2036
MinimumVisualStudioVersion = 10.0.40219.1
Project("{2150E333-8FDC-42A3-9474-1A3956D46DE8}") = "Client", "Client", "{DC1F3D67-4025-451A-9E3C-C4280FF12838}"
EndProject
Project("{2150E333-8FDC-42A3-9474-1A3956D46DE8}") = "Scorekeeper", "Scorekeeper", "{94EA6C01-3988-480A-87D5-28A2266EDF92}"
EndProject
Project("{2150E333-8FDC-42A3-9474-1A3956D46DE8}") = "Admin", "Admin", "{EB318766-D8E7-4777-9507-EDFD83E45828}"
EndProject
Project("{FAE04EC0-301F-11D3-BF4B-00C04F79EFBC}") = "Client.iOS", "Client\Client.iOS\Client.iOS.csproj", "{C44E8F75-D645-40A3-9892-051E6F40114A}"
EndProject
Project("{2150E333-8FDC-42A3-9474-1A3956D46DE8}") = "Common", "Common", "{416BABDA-FDDD-4535-84D3-D305796CC9FD}"
EndProject
Project("{FAE04EC0-301F-11D3-BF4B-00C04F79EFBC}") = "Common.iOS", "Common\Common.iOS\Common.iOS.csproj", "{9FC81125-076D-4AFC-8180-DE27BB1EAF33}"
EndProject
Project("{FAE04EC0-301F-11D3-BF4B-00C04F79EFBC}") = "Client.Droid", "Client\Client.Droid\Client.Droid.csproj", "{F71E183C-6CFC-453B-B3EF-DBCCB242A62F}"
EndProject
Project("{FAE04EC0-301F-11D3-BF4B-00C04F79EFBC}") = "Common.Common", "Common\Common.Common\Common.Common.csproj", "{BF2F8849-80CA-4619-A978-0308B0B4BB3B}"
EndProject
Project("{FAE04EC0-301F-11D3-BF4B-00C04F79EFBC}") = "Admin.Common", "Admin\Admin.Common\Admin.Common.csproj", "{FB4AA57E-E092-4831-B92A-5F1A49112095}"
	ProjectSection(ProjectDependencies) = postProject
		{BF2F8849-80CA-4619-A978-0308B0B4BB3B} = {BF2F8849-80CA-4619-A978-0308B0B4BB3B}
	EndProjectSection
EndProject
Project("{FAE04EC0-301F-11D3-BF4B-00C04F79EFBC}") = "Client.Common", "Client\Client.Common\Client.Common.csproj", "{497B7640-33DF-4861-94B0-E56AE2C6BCE7}"
	ProjectSection(ProjectDependencies) = postProject
		{BF2F8849-80CA-4619-A978-0308B0B4BB3B} = {BF2F8849-80CA-4619-A978-0308B0B4BB3B}
	EndProjectSection
EndProject
Project("{9344BDBB-3E7F-41FC-A0DD-8665D75EE146}") = "Scorekeeper.iOS", "Scorekeeper\Scorekeeper.iOS\Scorekeeper.iOS.csproj", "{B6851606-5E6F-44D8-A180-E9087EFFE03A}"
EndProject
Project("{9344BDBB-3E7F-41FC-A0DD-8665D75EE146}") = "Scorekeeper.Droid", "Scorekeeper\Scorekeeper.Droid\Scorekeeper.Droid.csproj", "{17575A5C-FE57-4A98-B135-82350BFD848D}"
EndProject
Project("{9344BDBB-3E7F-41FC-A0DD-8665D75EE146}") = "Scorekeeper.Common", "Scorekeeper\Scorekeeper.Common\Scorekeeper.Common.csproj", "{06236951-F924-4BB5-8B08-2144176ACE0F}"
EndProject
Project("{9344BDBB-3E7F-41FC-A0DD-8665D75EE146}") = "Admin.iOS", "Admin\Admin.iOS\Admin.iOS.csproj", "{16C1A094-C88B-4C8A-9D1D-EF988BE21859}"
EndProject
Project("{9344BDBB-3E7F-41FC-A0DD-8665D75EE146}") = "Admin.Droid", "Admin\Admin.Droid\Admin.Droid.csproj", "{1F957AD7-1A41-46E5-8894-5258616B7406}"
EndProject
Project("{9344BDBB-3E7F-41FC-A0DD-8665D75EE146}") = "Common.Droid", "Common\Common.Droid\Common.Droid.csproj", "{4EC0F4CA-5E65-446C-8300-DA307250BBE1}"
EndProject
Project("{9344BDBB-3E7F-41FC-A0DD-8665D75EE146}") = "Common.Test", "Common\Common.Test\Common.Test.csproj", "{9F29F378-1329-4D00-9027-CB16D16767C1}"
EndProject
Global
	GlobalSection(SolutionConfigurationPlatforms) = preSolution
		Debug|Any CPU = Debug|Any CPU
		Debug|iPhone = Debug|iPhone
		Debug|iPhoneSimulator = Debug|iPhoneSimulator
		Debug|x64 = Debug|x64
		Debug|x86 = Debug|x86
		Release|Any CPU = Release|Any CPU
		Release|iPhone = Release|iPhone
		Release|iPhoneSimulator = Release|iPhoneSimulator
		Release|x64 = Release|x64
		Release|x86 = Release|x86
	EndGlobalSection
	GlobalSection(ProjectConfigurationPlatforms) = postSolution
		{C44E8F75-D645-40A3-9892-051E6F40114A}.Debug|Any CPU.ActiveCfg = Debug|iPhoneSimulator
		{C44E8F75-D645-40A3-9892-051E6F40114A}.Debug|iPhone.ActiveCfg = Debug|iPhone
		{C44E8F75-D645-40A3-9892-051E6F40114A}.Debug|iPhone.Build.0 = Debug|iPhone
		{C44E8F75-D645-40A3-9892-051E6F40114A}.Debug|iPhoneSimulator.ActiveCfg = Debug|iPhoneSimulator
		{C44E8F75-D645-40A3-9892-051E6F40114A}.Debug|iPhoneSimulator.Build.0 = Debug|iPhoneSimulator
		{C44E8F75-D645-40A3-9892-051E6F40114A}.Debug|x64.ActiveCfg = Debug|iPhoneSimulator
		{C44E8F75-D645-40A3-9892-051E6F40114A}.Debug|x64.Build.0 = Debug|iPhoneSimulator
		{C44E8F75-D645-40A3-9892-051E6F40114A}.Debug|x86.ActiveCfg = Debug|iPhoneSimulator
		{C44E8F75-D645-40A3-9892-051E6F40114A}.Debug|x86.Build.0 = Debug|iPhoneSimulator
		{C44E8F75-D645-40A3-9892-051E6F40114A}.Release|Any CPU.ActiveCfg = Release|iPhoneSimulator
		{C44E8F75-D645-40A3-9892-051E6F40114A}.Release|iPhone.ActiveCfg = Release|iPhone
		{C44E8F75-D645-40A3-9892-051E6F40114A}.Release|iPhone.Build.0 = Release|iPhone
		{C44E8F75-D645-40A3-9892-051E6F40114A}.Release|iPhoneSimulator.ActiveCfg = Release|iPhoneSimulator
		{C44E8F75-D645-40A3-9892-051E6F40114A}.Release|iPhoneSimulator.Build.0 = Release|iPhoneSimulator
		{C44E8F75-D645-40A3-9892-051E6F40114A}.Release|x64.ActiveCfg = Release|iPhone
		{C44E8F75-D645-40A3-9892-051E6F40114A}.Release|x64.Build.0 = Release|iPhone
		{C44E8F75-D645-40A3-9892-051E6F40114A}.Release|x86.ActiveCfg = Release|iPhone
		{C44E8F75-D645-40A3-9892-051E6F40114A}.Release|x86.Build.0 = Release|iPhone
		{C44E8F75-D645-40A3-9892-051E6F40114A}.Debug|Any CPU.Build.0 = Debug|iPhoneSimulator
		{C44E8F75-D645-40A3-9892-051E6F40114A}.Release|Any CPU.Build.0 = Release|iPhoneSimulator
		{9FC81125-076D-4AFC-8180-DE27BB1EAF33}.Debug|Any CPU.ActiveCfg = Debug|Any CPU
		{9FC81125-076D-4AFC-8180-DE27BB1EAF33}.Debug|Any CPU.Build.0 = Debug|Any CPU
		{9FC81125-076D-4AFC-8180-DE27BB1EAF33}.Debug|iPhone.ActiveCfg = Debug|Any CPU
		{9FC81125-076D-4AFC-8180-DE27BB1EAF33}.Debug|iPhone.Build.0 = Debug|Any CPU
		{9FC81125-076D-4AFC-8180-DE27BB1EAF33}.Debug|iPhoneSimulator.ActiveCfg = Debug|Any CPU
		{9FC81125-076D-4AFC-8180-DE27BB1EAF33}.Debug|iPhoneSimulator.Build.0 = Debug|Any CPU
		{9FC81125-076D-4AFC-8180-DE27BB1EAF33}.Debug|x64.ActiveCfg = Debug|Any CPU
		{9FC81125-076D-4AFC-8180-DE27BB1EAF33}.Debug|x64.Build.0 = Debug|Any CPU
		{9FC81125-076D-4AFC-8180-DE27BB1EAF33}.Debug|x86.ActiveCfg = Debug|Any CPU
		{9FC81125-076D-4AFC-8180-DE27BB1EAF33}.Debug|x86.Build.0 = Debug|Any CPU
		{9FC81125-076D-4AFC-8180-DE27BB1EAF33}.Release|Any CPU.ActiveCfg = Release|Any CPU
		{9FC81125-076D-4AFC-8180-DE27BB1EAF33}.Release|Any CPU.Build.0 = Release|Any CPU
		{9FC81125-076D-4AFC-8180-DE27BB1EAF33}.Release|iPhone.ActiveCfg = Release|Any CPU
		{9FC81125-076D-4AFC-8180-DE27BB1EAF33}.Release|iPhone.Build.0 = Release|Any CPU
		{9FC81125-076D-4AFC-8180-DE27BB1EAF33}.Release|iPhoneSimulator.ActiveCfg = Release|Any CPU
		{9FC81125-076D-4AFC-8180-DE27BB1EAF33}.Release|iPhoneSimulator.Build.0 = Release|Any CPU
		{9FC81125-076D-4AFC-8180-DE27BB1EAF33}.Release|x64.ActiveCfg = Release|Any CPU
		{9FC81125-076D-4AFC-8180-DE27BB1EAF33}.Release|x64.Build.0 = Release|Any CPU
		{9FC81125-076D-4AFC-8180-DE27BB1EAF33}.Release|x86.ActiveCfg = Release|Any CPU
		{9FC81125-076D-4AFC-8180-DE27BB1EAF33}.Release|x86.Build.0 = Release|Any CPU
		{F71E183C-6CFC-453B-B3EF-DBCCB242A62F}.Debug|Any CPU.ActiveCfg = Debug|Any CPU
		{F71E183C-6CFC-453B-B3EF-DBCCB242A62F}.Debug|Any CPU.Build.0 = Debug|Any CPU
		{F71E183C-6CFC-453B-B3EF-DBCCB242A62F}.Debug|Any CPU.Deploy.0 = Debug|Any CPU
		{F71E183C-6CFC-453B-B3EF-DBCCB242A62F}.Debug|iPhone.ActiveCfg = Debug|Any CPU
		{F71E183C-6CFC-453B-B3EF-DBCCB242A62F}.Debug|iPhone.Build.0 = Debug|Any CPU
		{F71E183C-6CFC-453B-B3EF-DBCCB242A62F}.Debug|iPhone.Deploy.0 = Debug|Any CPU
		{F71E183C-6CFC-453B-B3EF-DBCCB242A62F}.Debug|iPhoneSimulator.ActiveCfg = Debug|Any CPU
		{F71E183C-6CFC-453B-B3EF-DBCCB242A62F}.Debug|iPhoneSimulator.Build.0 = Debug|Any CPU
		{F71E183C-6CFC-453B-B3EF-DBCCB242A62F}.Debug|iPhoneSimulator.Deploy.0 = Debug|Any CPU
		{F71E183C-6CFC-453B-B3EF-DBCCB242A62F}.Debug|x64.ActiveCfg = Debug|Any CPU
		{F71E183C-6CFC-453B-B3EF-DBCCB242A62F}.Debug|x64.Build.0 = Debug|Any CPU
		{F71E183C-6CFC-453B-B3EF-DBCCB242A62F}.Debug|x86.ActiveCfg = Debug|Any CPU
		{F71E183C-6CFC-453B-B3EF-DBCCB242A62F}.Debug|x86.Build.0 = Debug|Any CPU
		{F71E183C-6CFC-453B-B3EF-DBCCB242A62F}.Release|Any CPU.ActiveCfg = Release|Any CPU
		{F71E183C-6CFC-453B-B3EF-DBCCB242A62F}.Release|Any CPU.Build.0 = Release|Any CPU
		{F71E183C-6CFC-453B-B3EF-DBCCB242A62F}.Release|Any CPU.Deploy.0 = Release|Any CPU
		{F71E183C-6CFC-453B-B3EF-DBCCB242A62F}.Release|iPhone.ActiveCfg = Release|Any CPU
		{F71E183C-6CFC-453B-B3EF-DBCCB242A62F}.Release|iPhone.Build.0 = Release|Any CPU
		{F71E183C-6CFC-453B-B3EF-DBCCB242A62F}.Release|iPhone.Deploy.0 = Release|Any CPU
		{F71E183C-6CFC-453B-B3EF-DBCCB242A62F}.Release|iPhoneSimulator.ActiveCfg = Release|Any CPU
		{F71E183C-6CFC-453B-B3EF-DBCCB242A62F}.Release|iPhoneSimulator.Build.0 = Release|Any CPU
		{F71E183C-6CFC-453B-B3EF-DBCCB242A62F}.Release|iPhoneSimulator.Deploy.0 = Release|Any CPU
		{F71E183C-6CFC-453B-B3EF-DBCCB242A62F}.Release|x64.ActiveCfg = Release|Any CPU
		{F71E183C-6CFC-453B-B3EF-DBCCB242A62F}.Release|x64.Build.0 = Release|Any CPU
		{F71E183C-6CFC-453B-B3EF-DBCCB242A62F}.Release|x86.ActiveCfg = Release|Any CPU
		{F71E183C-6CFC-453B-B3EF-DBCCB242A62F}.Release|x86.Build.0 = Release|Any CPU
		{BF2F8849-80CA-4619-A978-0308B0B4BB3B}.Debug|Any CPU.ActiveCfg = Debug|Any CPU
		{BF2F8849-80CA-4619-A978-0308B0B4BB3B}.Debug|Any CPU.Build.0 = Debug|Any CPU
		{BF2F8849-80CA-4619-A978-0308B0B4BB3B}.Debug|iPhone.ActiveCfg = Debug|Any CPU
		{BF2F8849-80CA-4619-A978-0308B0B4BB3B}.Debug|iPhone.Build.0 = Debug|Any CPU
		{BF2F8849-80CA-4619-A978-0308B0B4BB3B}.Debug|iPhoneSimulator.ActiveCfg = Debug|Any CPU
		{BF2F8849-80CA-4619-A978-0308B0B4BB3B}.Debug|iPhoneSimulator.Build.0 = Debug|Any CPU
		{BF2F8849-80CA-4619-A978-0308B0B4BB3B}.Debug|x64.ActiveCfg = Debug|Any CPU
		{BF2F8849-80CA-4619-A978-0308B0B4BB3B}.Debug|x64.Build.0 = Debug|Any CPU
		{BF2F8849-80CA-4619-A978-0308B0B4BB3B}.Debug|x86.ActiveCfg = Debug|Any CPU
		{BF2F8849-80CA-4619-A978-0308B0B4BB3B}.Debug|x86.Build.0 = Debug|Any CPU
		{BF2F8849-80CA-4619-A978-0308B0B4BB3B}.Release|Any CPU.ActiveCfg = Release|Any CPU
		{BF2F8849-80CA-4619-A978-0308B0B4BB3B}.Release|Any CPU.Build.0 = Release|Any CPU
		{BF2F8849-80CA-4619-A978-0308B0B4BB3B}.Release|iPhone.ActiveCfg = Release|Any CPU
		{BF2F8849-80CA-4619-A978-0308B0B4BB3B}.Release|iPhone.Build.0 = Release|Any CPU
		{BF2F8849-80CA-4619-A978-0308B0B4BB3B}.Release|iPhoneSimulator.ActiveCfg = Release|Any CPU
		{BF2F8849-80CA-4619-A978-0308B0B4BB3B}.Release|iPhoneSimulator.Build.0 = Release|Any CPU
		{BF2F8849-80CA-4619-A978-0308B0B4BB3B}.Release|x64.ActiveCfg = Release|Any CPU
		{BF2F8849-80CA-4619-A978-0308B0B4BB3B}.Release|x64.Build.0 = Release|Any CPU
		{BF2F8849-80CA-4619-A978-0308B0B4BB3B}.Release|x86.ActiveCfg = Release|Any CPU
		{BF2F8849-80CA-4619-A978-0308B0B4BB3B}.Release|x86.Build.0 = Release|Any CPU
		{FB4AA57E-E092-4831-B92A-5F1A49112095}.Debug|Any CPU.ActiveCfg = Debug|Any CPU
		{FB4AA57E-E092-4831-B92A-5F1A49112095}.Debug|Any CPU.Build.0 = Debug|Any CPU
		{FB4AA57E-E092-4831-B92A-5F1A49112095}.Debug|iPhone.ActiveCfg = Debug|Any CPU
		{FB4AA57E-E092-4831-B92A-5F1A49112095}.Debug|iPhone.Build.0 = Debug|Any CPU
		{FB4AA57E-E092-4831-B92A-5F1A49112095}.Debug|iPhoneSimulator.ActiveCfg = Debug|Any CPU
		{FB4AA57E-E092-4831-B92A-5F1A49112095}.Debug|iPhoneSimulator.Build.0 = Debug|Any CPU
		{FB4AA57E-E092-4831-B92A-5F1A49112095}.Debug|x64.ActiveCfg = Debug|Any CPU
		{FB4AA57E-E092-4831-B92A-5F1A49112095}.Debug|x64.Build.0 = Debug|Any CPU
		{FB4AA57E-E092-4831-B92A-5F1A49112095}.Debug|x86.ActiveCfg = Debug|Any CPU
		{FB4AA57E-E092-4831-B92A-5F1A49112095}.Debug|x86.Build.0 = Debug|Any CPU
		{FB4AA57E-E092-4831-B92A-5F1A49112095}.Release|Any CPU.ActiveCfg = Release|Any CPU
		{FB4AA57E-E092-4831-B92A-5F1A49112095}.Release|Any CPU.Build.0 = Release|Any CPU
		{FB4AA57E-E092-4831-B92A-5F1A49112095}.Release|iPhone.ActiveCfg = Release|Any CPU
		{FB4AA57E-E092-4831-B92A-5F1A49112095}.Release|iPhone.Build.0 = Release|Any CPU
		{FB4AA57E-E092-4831-B92A-5F1A49112095}.Release|iPhoneSimulator.ActiveCfg = Release|Any CPU
		{FB4AA57E-E092-4831-B92A-5F1A49112095}.Release|iPhoneSimulator.Build.0 = Release|Any CPU
		{FB4AA57E-E092-4831-B92A-5F1A49112095}.Release|x64.ActiveCfg = Release|Any CPU
		{FB4AA57E-E092-4831-B92A-5F1A49112095}.Release|x64.Build.0 = Release|Any CPU
		{FB4AA57E-E092-4831-B92A-5F1A49112095}.Release|x86.ActiveCfg = Release|Any CPU
		{FB4AA57E-E092-4831-B92A-5F1A49112095}.Release|x86.Build.0 = Release|Any CPU
		{497B7640-33DF-4861-94B0-E56AE2C6BCE7}.Debug|Any CPU.ActiveCfg = Debug|Any CPU
		{497B7640-33DF-4861-94B0-E56AE2C6BCE7}.Debug|Any CPU.Build.0 = Debug|Any CPU
		{497B7640-33DF-4861-94B0-E56AE2C6BCE7}.Debug|iPhone.ActiveCfg = Debug|Any CPU
		{497B7640-33DF-4861-94B0-E56AE2C6BCE7}.Debug|iPhone.Build.0 = Debug|Any CPU
		{497B7640-33DF-4861-94B0-E56AE2C6BCE7}.Debug|iPhoneSimulator.ActiveCfg = Debug|Any CPU
		{497B7640-33DF-4861-94B0-E56AE2C6BCE7}.Debug|iPhoneSimulator.Build.0 = Debug|Any CPU
		{497B7640-33DF-4861-94B0-E56AE2C6BCE7}.Debug|x64.ActiveCfg = Debug|Any CPU
		{497B7640-33DF-4861-94B0-E56AE2C6BCE7}.Debug|x64.Build.0 = Debug|Any CPU
		{497B7640-33DF-4861-94B0-E56AE2C6BCE7}.Debug|x86.ActiveCfg = Debug|Any CPU
		{497B7640-33DF-4861-94B0-E56AE2C6BCE7}.Debug|x86.Build.0 = Debug|Any CPU
		{497B7640-33DF-4861-94B0-E56AE2C6BCE7}.Release|Any CPU.ActiveCfg = Release|Any CPU
		{497B7640-33DF-4861-94B0-E56AE2C6BCE7}.Release|Any CPU.Build.0 = Release|Any CPU
		{497B7640-33DF-4861-94B0-E56AE2C6BCE7}.Release|iPhone.ActiveCfg = Release|Any CPU
		{497B7640-33DF-4861-94B0-E56AE2C6BCE7}.Release|iPhone.Build.0 = Release|Any CPU
		{497B7640-33DF-4861-94B0-E56AE2C6BCE7}.Release|iPhoneSimulator.ActiveCfg = Release|Any CPU
		{497B7640-33DF-4861-94B0-E56AE2C6BCE7}.Release|iPhoneSimulator.Build.0 = Release|Any CPU
		{497B7640-33DF-4861-94B0-E56AE2C6BCE7}.Release|x64.ActiveCfg = Release|Any CPU
		{497B7640-33DF-4861-94B0-E56AE2C6BCE7}.Release|x64.Build.0 = Release|Any CPU
		{497B7640-33DF-4861-94B0-E56AE2C6BCE7}.Release|x86.ActiveCfg = Release|Any CPU
		{497B7640-33DF-4861-94B0-E56AE2C6BCE7}.Release|x86.Build.0 = Release|Any CPU
		{B6851606-5E6F-44D8-A180-E9087EFFE03A}.Debug|Any CPU.ActiveCfg = Debug|iPhoneSimulator
		{B6851606-5E6F-44D8-A180-E9087EFFE03A}.Debug|iPhone.ActiveCfg = Debug|iPhone
		{B6851606-5E6F-44D8-A180-E9087EFFE03A}.Debug|iPhone.Build.0 = Debug|iPhone
		{B6851606-5E6F-44D8-A180-E9087EFFE03A}.Debug|iPhoneSimulator.ActiveCfg = Debug|iPhoneSimulator
		{B6851606-5E6F-44D8-A180-E9087EFFE03A}.Debug|iPhoneSimulator.Build.0 = Debug|iPhoneSimulator
		{B6851606-5E6F-44D8-A180-E9087EFFE03A}.Debug|x64.ActiveCfg = Debug|iPhoneSimulator
		{B6851606-5E6F-44D8-A180-E9087EFFE03A}.Debug|x64.Build.0 = Debug|iPhoneSimulator
		{B6851606-5E6F-44D8-A180-E9087EFFE03A}.Debug|x86.ActiveCfg = Debug|iPhoneSimulator
		{B6851606-5E6F-44D8-A180-E9087EFFE03A}.Debug|x86.Build.0 = Debug|iPhoneSimulator
		{B6851606-5E6F-44D8-A180-E9087EFFE03A}.Release|Any CPU.ActiveCfg = Release|iPhoneSimulator
		{B6851606-5E6F-44D8-A180-E9087EFFE03A}.Release|iPhone.ActiveCfg = Release|iPhone
		{B6851606-5E6F-44D8-A180-E9087EFFE03A}.Release|iPhone.Build.0 = Release|iPhone
		{B6851606-5E6F-44D8-A180-E9087EFFE03A}.Release|iPhoneSimulator.ActiveCfg = Release|iPhoneSimulator
		{B6851606-5E6F-44D8-A180-E9087EFFE03A}.Release|iPhoneSimulator.Build.0 = Release|iPhoneSimulator
		{B6851606-5E6F-44D8-A180-E9087EFFE03A}.Release|x64.ActiveCfg = Release|iPhone
		{B6851606-5E6F-44D8-A180-E9087EFFE03A}.Release|x64.Build.0 = Release|iPhone
		{B6851606-5E6F-44D8-A180-E9087EFFE03A}.Release|x86.ActiveCfg = Release|iPhone
		{B6851606-5E6F-44D8-A180-E9087EFFE03A}.Release|x86.Build.0 = Release|iPhone
		{17575A5C-FE57-4A98-B135-82350BFD848D}.Debug|Any CPU.ActiveCfg = Debug|Any CPU
		{17575A5C-FE57-4A98-B135-82350BFD848D}.Debug|Any CPU.Build.0 = Debug|Any CPU
		{17575A5C-FE57-4A98-B135-82350BFD848D}.Debug|Any CPU.Deploy.0 = Debug|Any CPU
		{17575A5C-FE57-4A98-B135-82350BFD848D}.Debug|iPhone.ActiveCfg = Debug|Any CPU
		{17575A5C-FE57-4A98-B135-82350BFD848D}.Debug|iPhone.Build.0 = Debug|Any CPU
		{17575A5C-FE57-4A98-B135-82350BFD848D}.Debug|iPhone.Deploy.0 = Debug|Any CPU
		{17575A5C-FE57-4A98-B135-82350BFD848D}.Debug|iPhoneSimulator.ActiveCfg = Debug|Any CPU
		{17575A5C-FE57-4A98-B135-82350BFD848D}.Debug|iPhoneSimulator.Build.0 = Debug|Any CPU
		{17575A5C-FE57-4A98-B135-82350BFD848D}.Debug|iPhoneSimulator.Deploy.0 = Debug|Any CPU
		{17575A5C-FE57-4A98-B135-82350BFD848D}.Debug|x64.ActiveCfg = Debug|Any CPU
		{17575A5C-FE57-4A98-B135-82350BFD848D}.Debug|x64.Build.0 = Debug|Any CPU
		{17575A5C-FE57-4A98-B135-82350BFD848D}.Debug|x86.ActiveCfg = Debug|Any CPU
		{17575A5C-FE57-4A98-B135-82350BFD848D}.Debug|x86.Build.0 = Debug|Any CPU
		{17575A5C-FE57-4A98-B135-82350BFD848D}.Release|Any CPU.ActiveCfg = Release|Any CPU
		{17575A5C-FE57-4A98-B135-82350BFD848D}.Release|Any CPU.Build.0 = Release|Any CPU
		{17575A5C-FE57-4A98-B135-82350BFD848D}.Release|Any CPU.Deploy.0 = Release|Any CPU
		{17575A5C-FE57-4A98-B135-82350BFD848D}.Release|iPhone.ActiveCfg = Release|Any CPU
		{17575A5C-FE57-4A98-B135-82350BFD848D}.Release|iPhone.Build.0 = Release|Any CPU
		{17575A5C-FE57-4A98-B135-82350BFD848D}.Release|iPhone.Deploy.0 = Release|Any CPU
		{17575A5C-FE57-4A98-B135-82350BFD848D}.Release|iPhoneSimulator.ActiveCfg = Release|Any CPU
		{17575A5C-FE57-4A98-B135-82350BFD848D}.Release|iPhoneSimulator.Build.0 = Release|Any CPU
		{17575A5C-FE57-4A98-B135-82350BFD848D}.Release|iPhoneSimulator.Deploy.0 = Release|Any CPU
		{17575A5C-FE57-4A98-B135-82350BFD848D}.Release|x64.ActiveCfg = Release|Any CPU
		{17575A5C-FE57-4A98-B135-82350BFD848D}.Release|x64.Build.0 = Release|Any CPU
		{17575A5C-FE57-4A98-B135-82350BFD848D}.Release|x86.ActiveCfg = Release|Any CPU
		{17575A5C-FE57-4A98-B135-82350BFD848D}.Release|x86.Build.0 = Release|Any CPU
		{06236951-F924-4BB5-8B08-2144176ACE0F}.Debug|Any CPU.ActiveCfg = Debug|Any CPU
		{06236951-F924-4BB5-8B08-2144176ACE0F}.Debug|Any CPU.Build.0 = Debug|Any CPU
		{06236951-F924-4BB5-8B08-2144176ACE0F}.Debug|iPhone.ActiveCfg = Debug|Any CPU
		{06236951-F924-4BB5-8B08-2144176ACE0F}.Debug|iPhone.Build.0 = Debug|Any CPU
		{06236951-F924-4BB5-8B08-2144176ACE0F}.Debug|iPhoneSimulator.ActiveCfg = Debug|Any CPU
		{06236951-F924-4BB5-8B08-2144176ACE0F}.Debug|iPhoneSimulator.Build.0 = Debug|Any CPU
		{06236951-F924-4BB5-8B08-2144176ACE0F}.Debug|x64.ActiveCfg = Debug|Any CPU
		{06236951-F924-4BB5-8B08-2144176ACE0F}.Debug|x64.Build.0 = Debug|Any CPU
		{06236951-F924-4BB5-8B08-2144176ACE0F}.Debug|x86.ActiveCfg = Debug|Any CPU
		{06236951-F924-4BB5-8B08-2144176ACE0F}.Debug|x86.Build.0 = Debug|Any CPU
		{06236951-F924-4BB5-8B08-2144176ACE0F}.Release|Any CPU.ActiveCfg = Release|Any CPU
		{06236951-F924-4BB5-8B08-2144176ACE0F}.Release|Any CPU.Build.0 = Release|Any CPU
		{06236951-F924-4BB5-8B08-2144176ACE0F}.Release|iPhone.ActiveCfg = Release|Any CPU
		{06236951-F924-4BB5-8B08-2144176ACE0F}.Release|iPhone.Build.0 = Release|Any CPU
		{06236951-F924-4BB5-8B08-2144176ACE0F}.Release|iPhoneSimulator.ActiveCfg = Release|Any CPU
		{06236951-F924-4BB5-8B08-2144176ACE0F}.Release|iPhoneSimulator.Build.0 = Release|Any CPU
		{06236951-F924-4BB5-8B08-2144176ACE0F}.Release|x64.ActiveCfg = Release|Any CPU
		{06236951-F924-4BB5-8B08-2144176ACE0F}.Release|x64.Build.0 = Release|Any CPU
		{06236951-F924-4BB5-8B08-2144176ACE0F}.Release|x86.ActiveCfg = Release|Any CPU
		{06236951-F924-4BB5-8B08-2144176ACE0F}.Release|x86.Build.0 = Release|Any CPU
		{16C1A094-C88B-4C8A-9D1D-EF988BE21859}.Debug|Any CPU.ActiveCfg = Debug|iPhoneSimulator
		{16C1A094-C88B-4C8A-9D1D-EF988BE21859}.Debug|iPhone.ActiveCfg = Debug|iPhone
		{16C1A094-C88B-4C8A-9D1D-EF988BE21859}.Debug|iPhone.Build.0 = Debug|iPhone
		{16C1A094-C88B-4C8A-9D1D-EF988BE21859}.Debug|iPhoneSimulator.ActiveCfg = Debug|iPhoneSimulator
		{16C1A094-C88B-4C8A-9D1D-EF988BE21859}.Debug|iPhoneSimulator.Build.0 = Debug|iPhoneSimulator
		{16C1A094-C88B-4C8A-9D1D-EF988BE21859}.Debug|x64.ActiveCfg = Debug|iPhoneSimulator
		{16C1A094-C88B-4C8A-9D1D-EF988BE21859}.Debug|x64.Build.0 = Debug|iPhoneSimulator
		{16C1A094-C88B-4C8A-9D1D-EF988BE21859}.Debug|x86.ActiveCfg = Debug|iPhoneSimulator
		{16C1A094-C88B-4C8A-9D1D-EF988BE21859}.Debug|x86.Build.0 = Debug|iPhoneSimulator
		{16C1A094-C88B-4C8A-9D1D-EF988BE21859}.Release|Any CPU.ActiveCfg = Release|iPhoneSimulator
		{16C1A094-C88B-4C8A-9D1D-EF988BE21859}.Release|iPhone.ActiveCfg = Release|iPhone
		{16C1A094-C88B-4C8A-9D1D-EF988BE21859}.Release|iPhone.Build.0 = Release|iPhone
		{16C1A094-C88B-4C8A-9D1D-EF988BE21859}.Release|iPhoneSimulator.ActiveCfg = Release|iPhoneSimulator
		{16C1A094-C88B-4C8A-9D1D-EF988BE21859}.Release|iPhoneSimulator.Build.0 = Release|iPhoneSimulator
		{16C1A094-C88B-4C8A-9D1D-EF988BE21859}.Release|x64.ActiveCfg = Release|iPhone
		{16C1A094-C88B-4C8A-9D1D-EF988BE21859}.Release|x64.Build.0 = Release|iPhone
		{16C1A094-C88B-4C8A-9D1D-EF988BE21859}.Release|x86.ActiveCfg = Release|iPhone
		{16C1A094-C88B-4C8A-9D1D-EF988BE21859}.Release|x86.Build.0 = Release|iPhone
		{1F957AD7-1A41-46E5-8894-5258616B7406}.Debug|Any CPU.ActiveCfg = Debug|Any CPU
		{1F957AD7-1A41-46E5-8894-5258616B7406}.Debug|Any CPU.Build.0 = Debug|Any CPU
		{1F957AD7-1A41-46E5-8894-5258616B7406}.Debug|Any CPU.Deploy.0 = Debug|Any CPU
		{1F957AD7-1A41-46E5-8894-5258616B7406}.Debug|iPhone.ActiveCfg = Debug|Any CPU
		{1F957AD7-1A41-46E5-8894-5258616B7406}.Debug|iPhone.Build.0 = Debug|Any CPU
		{1F957AD7-1A41-46E5-8894-5258616B7406}.Debug|iPhone.Deploy.0 = Debug|Any CPU
		{1F957AD7-1A41-46E5-8894-5258616B7406}.Debug|iPhoneSimulator.ActiveCfg = Debug|Any CPU
		{1F957AD7-1A41-46E5-8894-5258616B7406}.Debug|iPhoneSimulator.Build.0 = Debug|Any CPU
		{1F957AD7-1A41-46E5-8894-5258616B7406}.Debug|iPhoneSimulator.Deploy.0 = Debug|Any CPU
		{1F957AD7-1A41-46E5-8894-5258616B7406}.Debug|x64.ActiveCfg = Debug|Any CPU
		{1F957AD7-1A41-46E5-8894-5258616B7406}.Debug|x64.Build.0 = Debug|Any CPU
		{1F957AD7-1A41-46E5-8894-5258616B7406}.Debug|x86.ActiveCfg = Debug|Any CPU
		{1F957AD7-1A41-46E5-8894-5258616B7406}.Debug|x86.Build.0 = Debug|Any CPU
		{1F957AD7-1A41-46E5-8894-5258616B7406}.Release|Any CPU.ActiveCfg = Release|Any CPU
		{1F957AD7-1A41-46E5-8894-5258616B7406}.Release|Any CPU.Build.0 = Release|Any CPU
		{1F957AD7-1A41-46E5-8894-5258616B7406}.Release|Any CPU.Deploy.0 = Release|Any CPU
		{1F957AD7-1A41-46E5-8894-5258616B7406}.Release|iPhone.ActiveCfg = Release|Any CPU
		{1F957AD7-1A41-46E5-8894-5258616B7406}.Release|iPhone.Build.0 = Release|Any CPU
		{1F957AD7-1A41-46E5-8894-5258616B7406}.Release|iPhone.Deploy.0 = Release|Any CPU
		{1F957AD7-1A41-46E5-8894-5258616B7406}.Release|iPhoneSimulator.ActiveCfg = Release|Any CPU
		{1F957AD7-1A41-46E5-8894-5258616B7406}.Release|iPhoneSimulator.Build.0 = Release|Any CPU
		{1F957AD7-1A41-46E5-8894-5258616B7406}.Release|iPhoneSimulator.Deploy.0 = Release|Any CPU
		{1F957AD7-1A41-46E5-8894-5258616B7406}.Release|x64.ActiveCfg = Release|Any CPU
		{1F957AD7-1A41-46E5-8894-5258616B7406}.Release|x64.Build.0 = Release|Any CPU
		{1F957AD7-1A41-46E5-8894-5258616B7406}.Release|x86.ActiveCfg = Release|Any CPU
		{1F957AD7-1A41-46E5-8894-5258616B7406}.Release|x86.Build.0 = Release|Any CPU
		{4EC0F4CA-5E65-446C-8300-DA307250BBE1}.Debug|Any CPU.ActiveCfg = Debug|Any CPU
		{4EC0F4CA-5E65-446C-8300-DA307250BBE1}.Debug|Any CPU.Build.0 = Debug|Any CPU
		{4EC0F4CA-5E65-446C-8300-DA307250BBE1}.Debug|iPhone.ActiveCfg = Debug|Any CPU
		{4EC0F4CA-5E65-446C-8300-DA307250BBE1}.Debug|iPhone.Build.0 = Debug|Any CPU
		{4EC0F4CA-5E65-446C-8300-DA307250BBE1}.Debug|iPhoneSimulator.ActiveCfg = Debug|Any CPU
		{4EC0F4CA-5E65-446C-8300-DA307250BBE1}.Debug|iPhoneSimulator.Build.0 = Debug|Any CPU
		{4EC0F4CA-5E65-446C-8300-DA307250BBE1}.Debug|x64.ActiveCfg = Debug|Any CPU
		{4EC0F4CA-5E65-446C-8300-DA307250BBE1}.Debug|x64.Build.0 = Debug|Any CPU
		{4EC0F4CA-5E65-446C-8300-DA307250BBE1}.Debug|x86.ActiveCfg = Debug|Any CPU
		{4EC0F4CA-5E65-446C-8300-DA307250BBE1}.Debug|x86.Build.0 = Debug|Any CPU
		{4EC0F4CA-5E65-446C-8300-DA307250BBE1}.Release|Any CPU.ActiveCfg = Release|Any CPU
		{4EC0F4CA-5E65-446C-8300-DA307250BBE1}.Release|Any CPU.Build.0 = Release|Any CPU
		{4EC0F4CA-5E65-446C-8300-DA307250BBE1}.Release|iPhone.ActiveCfg = Release|Any CPU
		{4EC0F4CA-5E65-446C-8300-DA307250BBE1}.Release|iPhone.Build.0 = Release|Any CPU
		{4EC0F4CA-5E65-446C-8300-DA307250BBE1}.Release|iPhoneSimulator.ActiveCfg = Release|Any CPU
		{4EC0F4CA-5E65-446C-8300-DA307250BBE1}.Release|iPhoneSimulator.Build.0 = Release|Any CPU
		{4EC0F4CA-5E65-446C-8300-DA307250BBE1}.Release|x64.ActiveCfg = Release|Any CPU
		{4EC0F4CA-5E65-446C-8300-DA307250BBE1}.Release|x64.Build.0 = Release|Any CPU
		{4EC0F4CA-5E65-446C-8300-DA307250BBE1}.Release|x86.ActiveCfg = Release|Any CPU
		{4EC0F4CA-5E65-446C-8300-DA307250BBE1}.Release|x86.Build.0 = Release|Any CPU
		{9F29F378-1329-4D00-9027-CB16D16767C1}.Debug|Any CPU.ActiveCfg = Debug|Any CPU
		{9F29F378-1329-4D00-9027-CB16D16767C1}.Debug|Any CPU.Build.0 = Debug|Any CPU
		{9F29F378-1329-4D00-9027-CB16D16767C1}.Debug|iPhone.ActiveCfg = Debug|Any CPU
		{9F29F378-1329-4D00-9027-CB16D16767C1}.Debug|iPhone.Build.0 = Debug|Any CPU
		{9F29F378-1329-4D00-9027-CB16D16767C1}.Debug|iPhoneSimulator.ActiveCfg = Debug|Any CPU
		{9F29F378-1329-4D00-9027-CB16D16767C1}.Debug|iPhoneSimulator.Build.0 = Debug|Any CPU
		{9F29F378-1329-4D00-9027-CB16D16767C1}.Debug|x64.ActiveCfg = Debug|Any CPU
		{9F29F378-1329-4D00-9027-CB16D16767C1}.Debug|x64.Build.0 = Debug|Any CPU
		{9F29F378-1329-4D00-9027-CB16D16767C1}.Debug|x86.ActiveCfg = Debug|Any CPU
		{9F29F378-1329-4D00-9027-CB16D16767C1}.Debug|x86.Build.0 = Debug|Any CPU
		{9F29F378-1329-4D00-9027-CB16D16767C1}.Release|Any CPU.ActiveCfg = Release|Any CPU
		{9F29F378-1329-4D00-9027-CB16D16767C1}.Release|Any CPU.Build.0 = Release|Any CPU
		{9F29F378-1329-4D00-9027-CB16D16767C1}.Release|iPhone.ActiveCfg = Release|Any CPU
		{9F29F378-1329-4D00-9027-CB16D16767C1}.Release|iPhone.Build.0 = Release|Any CPU
		{9F29F378-1329-4D00-9027-CB16D16767C1}.Release|iPhoneSimulator.ActiveCfg = Release|Any CPU
		{9F29F378-1329-4D00-9027-CB16D16767C1}.Release|iPhoneSimulator.Build.0 = Release|Any CPU
		{9F29F378-1329-4D00-9027-CB16D16767C1}.Release|x64.ActiveCfg = Release|Any CPU
		{9F29F378-1329-4D00-9027-CB16D16767C1}.Release|x64.Build.0 = Release|Any CPU
		{9F29F378-1329-4D00-9027-CB16D16767C1}.Release|x86.ActiveCfg = Release|Any CPU
		{9F29F378-1329-4D00-9027-CB16D16767C1}.Release|x86.Build.0 = Release|Any CPU
	EndGlobalSection
	GlobalSection(SolutionProperties) = preSolution
		HideSolutionNode = FALSE
	EndGlobalSection
	GlobalSection(NestedProjects) = preSolution
		{C44E8F75-D645-40A3-9892-051E6F40114A} = {DC1F3D67-4025-451A-9E3C-C4280FF12838}
		{9FC81125-076D-4AFC-8180-DE27BB1EAF33} = {416BABDA-FDDD-4535-84D3-D305796CC9FD}
		{F71E183C-6CFC-453B-B3EF-DBCCB242A62F} = {DC1F3D67-4025-451A-9E3C-C4280FF12838}
		{BF2F8849-80CA-4619-A978-0308B0B4BB3B} = {416BABDA-FDDD-4535-84D3-D305796CC9FD}
		{FB4AA57E-E092-4831-B92A-5F1A49112095} = {EB318766-D8E7-4777-9507-EDFD83E45828}
		{497B7640-33DF-4861-94B0-E56AE2C6BCE7} = {DC1F3D67-4025-451A-9E3C-C4280FF12838}
		{B6851606-5E6F-44D8-A180-E9087EFFE03A} = {94EA6C01-3988-480A-87D5-28A2266EDF92}
		{17575A5C-FE57-4A98-B135-82350BFD848D} = {94EA6C01-3988-480A-87D5-28A2266EDF92}
		{06236951-F924-4BB5-8B08-2144176ACE0F} = {94EA6C01-3988-480A-87D5-28A2266EDF92}
		{16C1A094-C88B-4C8A-9D1D-EF988BE21859} = {EB318766-D8E7-4777-9507-EDFD83E45828}
		{1F957AD7-1A41-46E5-8894-5258616B7406} = {EB318766-D8E7-4777-9507-EDFD83E45828}
		{4EC0F4CA-5E65-446C-8300-DA307250BBE1} = {416BABDA-FDDD-4535-84D3-D305796CC9FD}
		{9F29F378-1329-4D00-9027-CB16D16767C1} = {416BABDA-FDDD-4535-84D3-D305796CC9FD}
	EndGlobalSection
	GlobalSection(ExtensibilityGlobals) = postSolution
		SolutionGuid = {63D64FE2-1138-4B2D-A314-F2CF4EF45019}
	EndGlobalSection
EndGlobal
