Microsoft Visual Studio Solution File, Format Version 12.00
# Visual Studio 15
VisualStudioVersion = 15.0.27130.2036
MinimumVisualStudioVersion = 10.0.40219.1
Project("{2150E333-8FDC-42A3-9474-1A3956D46DE8}") = "Client", "Client", "{DC1F3D67-4025-451A-9E3C-C4280FF12838}"
EndProject
Project("{2150E333-8FDC-42A3-9474-1A3956D46DE8}") = "Scorekeeper", "Scorekeeper", "{94EA6C01-3988-480A-87D5-28A2266EDF92}"
EndProject
Project("{2150E333-8FDC-42A3-9474-1A3956D46DE8}") = "Admin", "Admin", "{EB318766-D8E7-4777-9507-EDFD83E45828}"
EndProject
Project("{FAE04EC0-301F-11D3-BF4B-00C04F79EFBC}") = "Admin.iOS", "Admin\Admin.iOS\Admin.iOS.csproj", "{809919B2-C095-473E-9CEE-8B70A4DC7138}"
EndProject
Project("{FAE04EC0-301F-11D3-BF4B-00C04F79EFBC}") = "Scorekeeper.iOS", "Scorekeeper\Scorekeeper.iOS\Scorekeeper.iOS.csproj", "{84D52106-1B7E-4590-A149-3A838E092825}"
EndProject
Project("{FAE04EC0-301F-11D3-BF4B-00C04F79EFBC}") = "Client.iOS", "Client\Client.iOS\Client.iOS.csproj", "{C44E8F75-D645-40A3-9892-051E6F40114A}"
EndProject
Project("{2150E333-8FDC-42A3-9474-1A3956D46DE8}") = "Common", "Common", "{416BABDA-FDDD-4535-84D3-D305796CC9FD}"
EndProject
Project("{FAE04EC0-301F-11D3-BF4B-00C04F79EFBC}") = "Common.iOS", "Common\Common.iOS\Common.iOS.csproj", "{9FC81125-076D-4AFC-8180-DE27BB1EAF33}"
EndProject
Project("{FAE04EC0-301F-11D3-BF4B-00C04F79EFBC}") = "Admin.Droid", "Admin\Admin.Droid\Admin.Droid.csproj", "{68DDFA19-3DFC-4237-8F63-6892CA0A0638}"
EndProject
Project("{FAE04EC0-301F-11D3-BF4B-00C04F79EFBC}") = "Client.Droid", "Client\Client.Droid\Client.Droid.csproj", "{F71E183C-6CFC-453B-B3EF-DBCCB242A62F}"
EndProject
Project("{FAE04EC0-301F-11D3-BF4B-00C04F79EFBC}") = "Scorekeeper.Droid", "Scorekeeper\Scorekeeper.Droid\Scorekeeper.Droid.csproj", "{B1BD22BE-6334-4131-90EA-DE94E658298B}"
EndProject
Project("{FAE04EC0-301F-11D3-BF4B-00C04F79EFBC}") = "Common.Droid", "Common\Common.Droid\Common.Droid.csproj", "{645C6D11-EF3F-45C3-8DBC-BD4511419F9C}"
EndProject
Project("{FAE04EC0-301F-11D3-BF4B-00C04F79EFBC}") = "Common.Test", "Common\Common.Test\Common.Test.csproj", "{59CB39C7-464D-4D19-8F38-ABD590E6BDBD}"
EndProject
Project("{FAE04EC0-301F-11D3-BF4B-00C04F79EFBC}") = "Common.Common", "Common\Common.Common\Common.Common.csproj", "{BF2F8849-80CA-4619-A978-0308B0B4BB3B}"
EndProject
Project("{FAE04EC0-301F-11D3-BF4B-00C04F79EFBC}") = "Scorekeeper.Common", "Scorekeeper\Scorekeeper.Common\Scorekeeper.Common.csproj", "{4E2FDDAB-F2E3-483F-AB92-E19ACC1BED7A}"
EndProject
Project("{FAE04EC0-301F-11D3-BF4B-00C04F79EFBC}") = "Admin.Common", "Admin\Admin.Common\Admin.Common.csproj", "{FB4AA57E-E092-4831-B92A-5F1A49112095}"
	ProjectSection(ProjectDependencies) = postProject
		{BF2F8849-80CA-4619-A978-0308B0B4BB3B} = {BF2F8849-80CA-4619-A978-0308B0B4BB3B}
	EndProjectSection
EndProject
Project("{FAE04EC0-301F-11D3-BF4B-00C04F79EFBC}") = "Client.Common", "Client\Client.Common\Client.Common.csproj", "{497B7640-33DF-4861-94B0-E56AE2C6BCE7}"
	ProjectSection(ProjectDependencies) = postProject
		{BF2F8849-80CA-4619-A978-0308B0B4BB3B} = {BF2F8849-80CA-4619-A978-0308B0B4BB3B}
	EndProjectSection
EndProject
Global
	GlobalSection(SolutionConfigurationPlatforms) = preSolution
		Debug|Any CPU = Debug|Any CPU
		Debug|iPhone = Debug|iPhone
		Debug|iPhoneSimulator = Debug|iPhoneSimulator
		Debug|x64 = Debug|x64
		Debug|x86 = Debug|x86
		Release|Any CPU = Release|Any CPU
		Release|iPhone = Release|iPhone
		Release|iPhoneSimulator = Release|iPhoneSimulator
		Release|x64 = Release|x64
		Release|x86 = Release|x86
	EndGlobalSection
	GlobalSection(ProjectConfigurationPlatforms) = postSolution
		{809919B2-C095-473E-9CEE-8B70A4DC7138}.Debug|Any CPU.ActiveCfg = Debug|iPhoneSimulator
		{809919B2-C095-473E-9CEE-8B70A4DC7138}.Debug|iPhone.ActiveCfg = Debug|iPhone
		{809919B2-C095-473E-9CEE-8B70A4DC7138}.Debug|iPhone.Build.0 = Debug|iPhone
		{809919B2-C095-473E-9CEE-8B70A4DC7138}.Debug|iPhoneSimulator.ActiveCfg = Debug|iPhoneSimulator
		{809919B2-C095-473E-9CEE-8B70A4DC7138}.Debug|iPhoneSimulator.Build.0 = Debug|iPhoneSimulator
		{809919B2-C095-473E-9CEE-8B70A4DC7138}.Debug|x64.ActiveCfg = Debug|iPhoneSimulator
		{809919B2-C095-473E-9CEE-8B70A4DC7138}.Debug|x64.Build.0 = Debug|iPhoneSimulator
		{809919B2-C095-473E-9CEE-8B70A4DC7138}.Debug|x86.ActiveCfg = Debug|iPhoneSimulator
		{809919B2-C095-473E-9CEE-8B70A4DC7138}.Debug|x86.Build.0 = Debug|iPhoneSimulator
		{809919B2-C095-473E-9CEE-8B70A4DC7138}.Release|Any CPU.ActiveCfg = Release|iPhoneSimulator
		{809919B2-C095-473E-9CEE-8B70A4DC7138}.Release|iPhone.ActiveCfg = Release|iPhone
		{809919B2-C095-473E-9CEE-8B70A4DC7138}.Release|iPhone.Build.0 = Release|iPhone
		{809919B2-C095-473E-9CEE-8B70A4DC7138}.Release|iPhoneSimulator.ActiveCfg = Release|iPhoneSimulator
		{809919B2-C095-473E-9CEE-8B70A4DC7138}.Release|iPhoneSimulator.Build.0 = Release|iPhoneSimulator
		{809919B2-C095-473E-9CEE-8B70A4DC7138}.Release|x64.ActiveCfg = Release|iPhone
		{809919B2-C095-473E-9CEE-8B70A4DC7138}.Release|x64.Build.0 = Release|iPhone
		{809919B2-C095-473E-9CEE-8B70A4DC7138}.Release|x86.ActiveCfg = Release|iPhone
		{809919B2-C095-473E-9CEE-8B70A4DC7138}.Release|x86.Build.0 = Release|iPhone
		{84D52106-1B7E-4590-A149-3A838E092825}.Debug|Any CPU.ActiveCfg = Debug|iPhoneSimulator
		{84D52106-1B7E-4590-A149-3A838E092825}.Debug|iPhone.ActiveCfg = Debug|iPhone
		{84D52106-1B7E-4590-A149-3A838E092825}.Debug|iPhone.Build.0 = Debug|iPhone
		{84D52106-1B7E-4590-A149-3A838E092825}.Debug|iPhoneSimulator.ActiveCfg = Debug|iPhoneSimulator
		{84D52106-1B7E-4590-A149-3A838E092825}.Debug|iPhoneSimulator.Build.0 = Debug|iPhoneSimulator
		{84D52106-1B7E-4590-A149-3A838E092825}.Debug|x64.ActiveCfg = Debug|iPhoneSimulator
		{84D52106-1B7E-4590-A149-3A838E092825}.Debug|x64.Build.0 = Debug|iPhoneSimulator
		{84D52106-1B7E-4590-A149-3A838E092825}.Debug|x86.ActiveCfg = Debug|iPhoneSimulator
		{84D52106-1B7E-4590-A149-3A838E092825}.Debug|x86.Build.0 = Debug|iPhoneSimulator
		{84D52106-1B7E-4590-A149-3A838E092825}.Release|Any CPU.ActiveCfg = Release|iPhoneSimulator
		{84D52106-1B7E-4590-A149-3A838E092825}.Release|iPhone.ActiveCfg = Release|iPhone
		{84D52106-1B7E-4590-A149-3A838E092825}.Release|iPhone.Build.0 = Release|iPhone
		{84D52106-1B7E-4590-A149-3A838E092825}.Release|iPhoneSimulator.ActiveCfg = Release|iPhoneSimulator
		{84D52106-1B7E-4590-A149-3A838E092825}.Release|iPhoneSimulator.Build.0 = Release|iPhoneSimulator
		{84D52106-1B7E-4590-A149-3A838E092825}.Release|x64.ActiveCfg = Release|iPhone
		{84D52106-1B7E-4590-A149-3A838E092825}.Release|x64.Build.0 = Release|iPhone
		{84D52106-1B7E-4590-A149-3A838E092825}.Release|x86.ActiveCfg = Release|iPhone
		{84D52106-1B7E-4590-A149-3A838E092825}.Release|x86.Build.0 = Release|iPhone
		{C44E8F75-D645-40A3-9892-051E6F40114A}.Debug|Any CPU.ActiveCfg = Debug|iPhoneSimulator
		{C44E8F75-D645-40A3-9892-051E6F40114A}.Debug|iPhone.ActiveCfg = Debug|iPhone
		{C44E8F75-D645-40A3-9892-051E6F40114A}.Debug|iPhone.Build.0 = Debug|iPhone
		{C44E8F75-D645-40A3-9892-051E6F40114A}.Debug|iPhoneSimulator.ActiveCfg = Debug|iPhoneSimulator
		{C44E8F75-D645-40A3-9892-051E6F40114A}.Debug|iPhoneSimulator.Build.0 = Debug|iPhoneSimulator
		{C44E8F75-D645-40A3-9892-051E6F40114A}.Debug|x64.ActiveCfg = Debug|iPhoneSimulator
		{C44E8F75-D645-40A3-9892-051E6F40114A}.Debug|x64.Build.0 = Debug|iPhoneSimulator
		{C44E8F75-D645-40A3-9892-051E6F40114A}.Debug|x86.ActiveCfg = Debug|iPhoneSimulator
		{C44E8F75-D645-40A3-9892-051E6F40114A}.Debug|x86.Build.0 = Debug|iPhoneSimulator
		{C44E8F75-D645-40A3-9892-051E6F40114A}.Release|Any CPU.ActiveCfg = Release|iPhoneSimulator
		{C44E8F75-D645-40A3-9892-051E6F40114A}.Release|iPhone.ActiveCfg = Release|iPhone
		{C44E8F75-D645-40A3-9892-051E6F40114A}.Release|iPhone.Build.0 = Release|iPhone
		{C44E8F75-D645-40A3-9892-051E6F40114A}.Release|iPhoneSimulator.ActiveCfg = Release|iPhoneSimulator
		{C44E8F75-D645-40A3-9892-051E6F40114A}.Release|iPhoneSimulator.Build.0 = Release|iPhoneSimulator
		{C44E8F75-D645-40A3-9892-051E6F40114A}.Release|x64.ActiveCfg = Release|iPhone
		{C44E8F75-D645-40A3-9892-051E6F40114A}.Release|x64.Build.0 = Release|iPhone
		{C44E8F75-D645-40A3-9892-051E6F40114A}.Release|x86.ActiveCfg = Release|iPhone
		{C44E8F75-D645-40A3-9892-051E6F40114A}.Release|x86.Build.0 = Release|iPhone
		{C44E8F75-D645-40A3-9892-051E6F40114A}.Debug|Any CPU.Build.0 = Debug|iPhoneSimulator
		{C44E8F75-D645-40A3-9892-051E6F40114A}.Release|Any CPU.Build.0 = Release|iPhoneSimulator
		{9FC81125-076D-4AFC-8180-DE27BB1EAF33}.Debug|Any CPU.ActiveCfg = Debug|Any CPU
		{9FC81125-076D-4AFC-8180-DE27BB1EAF33}.Debug|Any CPU.Build.0 = Debug|Any CPU
		{9FC81125-076D-4AFC-8180-DE27BB1EAF33}.Debug|iPhone.ActiveCfg = Debug|Any CPU
		{9FC81125-076D-4AFC-8180-DE27BB1EAF33}.Debug|iPhone.Build.0 = Debug|Any CPU
		{9FC81125-076D-4AFC-8180-DE27BB1EAF33}.Debug|iPhoneSimulator.ActiveCfg = Debug|Any CPU
		{9FC81125-076D-4AFC-8180-DE27BB1EAF33}.Debug|iPhoneSimulator.Build.0 = Debug|Any CPU
		{9FC81125-076D-4AFC-8180-DE27BB1EAF33}.Debug|x64.ActiveCfg = Debug|Any CPU
		{9FC81125-076D-4AFC-8180-DE27BB1EAF33}.Debug|x64.Build.0 = Debug|Any CPU
		{9FC81125-076D-4AFC-8180-DE27BB1EAF33}.Debug|x86.ActiveCfg = Debug|Any CPU
		{9FC81125-076D-4AFC-8180-DE27BB1EAF33}.Debug|x86.Build.0 = Debug|Any CPU
		{9FC81125-076D-4AFC-8180-DE27BB1EAF33}.Release|Any CPU.ActiveCfg = Release|Any CPU
		{9FC81125-076D-4AFC-8180-DE27BB1EAF33}.Release|Any CPU.Build.0 = Release|Any CPU
		{9FC81125-076D-4AFC-8180-DE27BB1EAF33}.Release|iPhone.ActiveCfg = Release|Any CPU
		{9FC81125-076D-4AFC-8180-DE27BB1EAF33}.Release|iPhone.Build.0 = Release|Any CPU
		{9FC81125-076D-4AFC-8180-DE27BB1EAF33}.Release|iPhoneSimulator.ActiveCfg = Release|Any CPU
		{9FC81125-076D-4AFC-8180-DE27BB1EAF33}.Release|iPhoneSimulator.Build.0 = Release|Any CPU
		{9FC81125-076D-4AFC-8180-DE27BB1EAF33}.Release|x64.ActiveCfg = Release|Any CPU
		{9FC81125-076D-4AFC-8180-DE27BB1EAF33}.Release|x64.Build.0 = Release|Any CPU
		{9FC81125-076D-4AFC-8180-DE27BB1EAF33}.Release|x86.ActiveCfg = Release|Any CPU
		{9FC81125-076D-4AFC-8180-DE27BB1EAF33}.Release|x86.Build.0 = Release|Any CPU
		{68DDFA19-3DFC-4237-8F63-6892CA0A0638}.Debug|Any CPU.ActiveCfg = Debug|Any CPU
		{68DDFA19-3DFC-4237-8F63-6892CA0A0638}.Debug|Any CPU.Build.0 = Debug|Any CPU
		{68DDFA19-3DFC-4237-8F63-6892CA0A0638}.Debug|Any CPU.Deploy.0 = Debug|Any CPU
		{68DDFA19-3DFC-4237-8F63-6892CA0A0638}.Debug|iPhone.ActiveCfg = Debug|Any CPU
		{68DDFA19-3DFC-4237-8F63-6892CA0A0638}.Debug|iPhone.Build.0 = Debug|Any CPU
		{68DDFA19-3DFC-4237-8F63-6892CA0A0638}.Debug|iPhone.Deploy.0 = Debug|Any CPU
		{68DDFA19-3DFC-4237-8F63-6892CA0A0638}.Debug|iPhoneSimulator.ActiveCfg = Debug|Any CPU
		{68DDFA19-3DFC-4237-8F63-6892CA0A0638}.Debug|iPhoneSimulator.Build.0 = Debug|Any CPU
		{68DDFA19-3DFC-4237-8F63-6892CA0A0638}.Debug|iPhoneSimulator.Deploy.0 = Debug|Any CPU
		{68DDFA19-3DFC-4237-8F63-6892CA0A0638}.Debug|x64.ActiveCfg = Debug|Any CPU
		{68DDFA19-3DFC-4237-8F63-6892CA0A0638}.Debug|x64.Build.0 = Debug|Any CPU
		{68DDFA19-3DFC-4237-8F63-6892CA0A0638}.Debug|x86.ActiveCfg = Debug|Any CPU
		{68DDFA19-3DFC-4237-8F63-6892CA0A0638}.Debug|x86.Build.0 = Debug|Any CPU
		{68DDFA19-3DFC-4237-8F63-6892CA0A0638}.Release|Any CPU.ActiveCfg = Release|Any CPU
		{68DDFA19-3DFC-4237-8F63-6892CA0A0638}.Release|Any CPU.Build.0 = Release|Any CPU
		{68DDFA19-3DFC-4237-8F63-6892CA0A0638}.Release|Any CPU.Deploy.0 = Release|Any CPU
		{68DDFA19-3DFC-4237-8F63-6892CA0A0638}.Release|iPhone.ActiveCfg = Release|Any CPU
		{68DDFA19-3DFC-4237-8F63-6892CA0A0638}.Release|iPhone.Build.0 = Release|Any CPU
		{68DDFA19-3DFC-4237-8F63-6892CA0A0638}.Release|iPhone.Deploy.0 = Release|Any CPU
		{68DDFA19-3DFC-4237-8F63-6892CA0A0638}.Release|iPhoneSimulator.ActiveCfg = Release|Any CPU
		{68DDFA19-3DFC-4237-8F63-6892CA0A0638}.Release|iPhoneSimulator.Build.0 = Release|Any CPU
		{68DDFA19-3DFC-4237-8F63-6892CA0A0638}.Release|iPhoneSimulator.Deploy.0 = Release|Any CPU
		{68DDFA19-3DFC-4237-8F63-6892CA0A0638}.Release|x64.ActiveCfg = Release|Any CPU
		{68DDFA19-3DFC-4237-8F63-6892CA0A0638}.Release|x64.Build.0 = Release|Any CPU
		{68DDFA19-3DFC-4237-8F63-6892CA0A0638}.Release|x86.ActiveCfg = Release|Any CPU
		{68DDFA19-3DFC-4237-8F63-6892CA0A0638}.Release|x86.Build.0 = Release|Any CPU
		{F71E183C-6CFC-453B-B3EF-DBCCB242A62F}.Debug|Any CPU.ActiveCfg = Debug|Any CPU
		{F71E183C-6CFC-453B-B3EF-DBCCB242A62F}.Debug|Any CPU.Build.0 = Debug|Any CPU
		{F71E183C-6CFC-453B-B3EF-DBCCB242A62F}.Debug|Any CPU.Deploy.0 = Debug|Any CPU
		{F71E183C-6CFC-453B-B3EF-DBCCB242A62F}.Debug|iPhone.ActiveCfg = Debug|Any CPU
		{F71E183C-6CFC-453B-B3EF-DBCCB242A62F}.Debug|iPhone.Build.0 = Debug|Any CPU
		{F71E183C-6CFC-453B-B3EF-DBCCB242A62F}.Debug|iPhone.Deploy.0 = Debug|Any CPU
		{F71E183C-6CFC-453B-B3EF-DBCCB242A62F}.Debug|iPhoneSimulator.ActiveCfg = Debug|Any CPU
		{F71E183C-6CFC-453B-B3EF-DBCCB242A62F}.Debug|iPhoneSimulator.Build.0 = Debug|Any CPU
		{F71E183C-6CFC-453B-B3EF-DBCCB242A62F}.Debug|iPhoneSimulator.Deploy.0 = Debug|Any CPU
		{F71E183C-6CFC-453B-B3EF-DBCCB242A62F}.Debug|x64.ActiveCfg = Debug|Any CPU
		{F71E183C-6CFC-453B-B3EF-DBCCB242A62F}.Debug|x64.Build.0 = Debug|Any CPU
		{F71E183C-6CFC-453B-B3EF-DBCCB242A62F}.Debug|x86.ActiveCfg = Debug|Any CPU
		{F71E183C-6CFC-453B-B3EF-DBCCB242A62F}.Debug|x86.Build.0 = Debug|Any CPU
		{F71E183C-6CFC-453B-B3EF-DBCCB242A62F}.Release|Any CPU.ActiveCfg = Release|Any CPU
		{F71E183C-6CFC-453B-B3EF-DBCCB242A62F}.Release|Any CPU.Build.0 = Release|Any CPU
		{F71E183C-6CFC-453B-B3EF-DBCCB242A62F}.Release|Any CPU.Deploy.0 = Release|Any CPU
		{F71E183C-6CFC-453B-B3EF-DBCCB242A62F}.Release|iPhone.ActiveCfg = Release|Any CPU
		{F71E183C-6CFC-453B-B3EF-DBCCB242A62F}.Release|iPhone.Build.0 = Release|Any CPU
		{F71E183C-6CFC-453B-B3EF-DBCCB242A62F}.Release|iPhone.Deploy.0 = Release|Any CPU
		{F71E183C-6CFC-453B-B3EF-DBCCB242A62F}.Release|iPhoneSimulator.ActiveCfg = Release|Any CPU
		{F71E183C-6CFC-453B-B3EF-DBCCB242A62F}.Release|iPhoneSimulator.Build.0 = Release|Any CPU
		{F71E183C-6CFC-453B-B3EF-DBCCB242A62F}.Release|iPhoneSimulator.Deploy.0 = Release|Any CPU
		{F71E183C-6CFC-453B-B3EF-DBCCB242A62F}.Release|x64.ActiveCfg = Release|Any CPU
		{F71E183C-6CFC-453B-B3EF-DBCCB242A62F}.Release|x64.Build.0 = Release|Any CPU
		{F71E183C-6CFC-453B-B3EF-DBCCB242A62F}.Release|x86.ActiveCfg = Release|Any CPU
		{F71E183C-6CFC-453B-B3EF-DBCCB242A62F}.Release|x86.Build.0 = Release|Any CPU
		{B1BD22BE-6334-4131-90EA-DE94E658298B}.Debug|Any CPU.ActiveCfg = Debug|Any CPU
		{B1BD22BE-6334-4131-90EA-DE94E658298B}.Debug|Any CPU.Build.0 = Debug|Any CPU
		{B1BD22BE-6334-4131-90EA-DE94E658298B}.Debug|Any CPU.Deploy.0 = Debug|Any CPU
		{B1BD22BE-6334-4131-90EA-DE94E658298B}.Debug|iPhone.ActiveCfg = Debug|Any CPU
		{B1BD22BE-6334-4131-90EA-DE94E658298B}.Debug|iPhone.Build.0 = Debug|Any CPU
		{B1BD22BE-6334-4131-90EA-DE94E658298B}.Debug|iPhone.Deploy.0 = Debug|Any CPU
		{B1BD22BE-6334-4131-90EA-DE94E658298B}.Debug|iPhoneSimulator.ActiveCfg = Debug|Any CPU
		{B1BD22BE-6334-4131-90EA-DE94E658298B}.Debug|iPhoneSimulator.Build.0 = Debug|Any CPU
		{B1BD22BE-6334-4131-90EA-DE94E658298B}.Debug|iPhoneSimulator.Deploy.0 = Debug|Any CPU
		{B1BD22BE-6334-4131-90EA-DE94E658298B}.Debug|x64.ActiveCfg = Debug|Any CPU
		{B1BD22BE-6334-4131-90EA-DE94E658298B}.Debug|x64.Build.0 = Debug|Any CPU
		{B1BD22BE-6334-4131-90EA-DE94E658298B}.Debug|x86.ActiveCfg = Debug|Any CPU
		{B1BD22BE-6334-4131-90EA-DE94E658298B}.Debug|x86.Build.0 = Debug|Any CPU
		{B1BD22BE-6334-4131-90EA-DE94E658298B}.Release|Any CPU.ActiveCfg = Release|Any CPU
		{B1BD22BE-6334-4131-90EA-DE94E658298B}.Release|Any CPU.Build.0 = Release|Any CPU
		{B1BD22BE-6334-4131-90EA-DE94E658298B}.Release|Any CPU.Deploy.0 = Release|Any CPU
		{B1BD22BE-6334-4131-90EA-DE94E658298B}.Release|iPhone.ActiveCfg = Release|Any CPU
		{B1BD22BE-6334-4131-90EA-DE94E658298B}.Release|iPhone.Build.0 = Release|Any CPU
		{B1BD22BE-6334-4131-90EA-DE94E658298B}.Release|iPhone.Deploy.0 = Release|Any CPU
		{B1BD22BE-6334-4131-90EA-DE94E658298B}.Release|iPhoneSimulator.ActiveCfg = Release|Any CPU
		{B1BD22BE-6334-4131-90EA-DE94E658298B}.Release|iPhoneSimulator.Build.0 = Release|Any CPU
		{B1BD22BE-6334-4131-90EA-DE94E658298B}.Release|iPhoneSimulator.Deploy.0 = Release|Any CPU
		{B1BD22BE-6334-4131-90EA-DE94E658298B}.Release|x64.ActiveCfg = Release|Any CPU
		{B1BD22BE-6334-4131-90EA-DE94E658298B}.Release|x64.Build.0 = Release|Any CPU
		{B1BD22BE-6334-4131-90EA-DE94E658298B}.Release|x86.ActiveCfg = Release|Any CPU
		{B1BD22BE-6334-4131-90EA-DE94E658298B}.Release|x86.Build.0 = Release|Any CPU
		{645C6D11-EF3F-45C3-8DBC-BD4511419F9C}.Debug|Any CPU.ActiveCfg = Debug|Any CPU
		{645C6D11-EF3F-45C3-8DBC-BD4511419F9C}.Debug|Any CPU.Build.0 = Debug|Any CPU
		{645C6D11-EF3F-45C3-8DBC-BD4511419F9C}.Debug|iPhone.ActiveCfg = Debug|Any CPU
		{645C6D11-EF3F-45C3-8DBC-BD4511419F9C}.Debug|iPhone.Build.0 = Debug|Any CPU
		{645C6D11-EF3F-45C3-8DBC-BD4511419F9C}.Debug|iPhoneSimulator.ActiveCfg = Debug|Any CPU
		{645C6D11-EF3F-45C3-8DBC-BD4511419F9C}.Debug|iPhoneSimulator.Build.0 = Debug|Any CPU
		{645C6D11-EF3F-45C3-8DBC-BD4511419F9C}.Debug|x64.ActiveCfg = Debug|Any CPU
		{645C6D11-EF3F-45C3-8DBC-BD4511419F9C}.Debug|x64.Build.0 = Debug|Any CPU
		{645C6D11-EF3F-45C3-8DBC-BD4511419F9C}.Debug|x86.ActiveCfg = Debug|Any CPU
		{645C6D11-EF3F-45C3-8DBC-BD4511419F9C}.Debug|x86.Build.0 = Debug|Any CPU
		{645C6D11-EF3F-45C3-8DBC-BD4511419F9C}.Release|Any CPU.ActiveCfg = Release|Any CPU
		{645C6D11-EF3F-45C3-8DBC-BD4511419F9C}.Release|Any CPU.Build.0 = Release|Any CPU
		{645C6D11-EF3F-45C3-8DBC-BD4511419F9C}.Release|iPhone.ActiveCfg = Release|Any CPU
		{645C6D11-EF3F-45C3-8DBC-BD4511419F9C}.Release|iPhone.Build.0 = Release|Any CPU
		{645C6D11-EF3F-45C3-8DBC-BD4511419F9C}.Release|iPhoneSimulator.ActiveCfg = Release|Any CPU
		{645C6D11-EF3F-45C3-8DBC-BD4511419F9C}.Release|iPhoneSimulator.Build.0 = Release|Any CPU
		{645C6D11-EF3F-45C3-8DBC-BD4511419F9C}.Release|x64.ActiveCfg = Release|Any CPU
		{645C6D11-EF3F-45C3-8DBC-BD4511419F9C}.Release|x64.Build.0 = Release|Any CPU
		{645C6D11-EF3F-45C3-8DBC-BD4511419F9C}.Release|x86.ActiveCfg = Release|Any CPU
		{645C6D11-EF3F-45C3-8DBC-BD4511419F9C}.Release|x86.Build.0 = Release|Any CPU
		{59CB39C7-464D-4D19-8F38-ABD590E6BDBD}.Debug|Any CPU.ActiveCfg = Debug|Any CPU
		{59CB39C7-464D-4D19-8F38-ABD590E6BDBD}.Debug|Any CPU.Build.0 = Debug|Any CPU
		{59CB39C7-464D-4D19-8F38-ABD590E6BDBD}.Debug|iPhone.ActiveCfg = Debug|Any CPU
		{59CB39C7-464D-4D19-8F38-ABD590E6BDBD}.Debug|iPhone.Build.0 = Debug|Any CPU
		{59CB39C7-464D-4D19-8F38-ABD590E6BDBD}.Debug|iPhoneSimulator.ActiveCfg = Debug|Any CPU
		{59CB39C7-464D-4D19-8F38-ABD590E6BDBD}.Debug|iPhoneSimulator.Build.0 = Debug|Any CPU
		{59CB39C7-464D-4D19-8F38-ABD590E6BDBD}.Debug|x64.ActiveCfg = Debug|Any CPU
		{59CB39C7-464D-4D19-8F38-ABD590E6BDBD}.Debug|x64.Build.0 = Debug|Any CPU
		{59CB39C7-464D-4D19-8F38-ABD590E6BDBD}.Debug|x86.ActiveCfg = Debug|Any CPU
		{59CB39C7-464D-4D19-8F38-ABD590E6BDBD}.Debug|x86.Build.0 = Debug|Any CPU
		{59CB39C7-464D-4D19-8F38-ABD590E6BDBD}.Release|Any CPU.ActiveCfg = Release|Any CPU
		{59CB39C7-464D-4D19-8F38-ABD590E6BDBD}.Release|Any CPU.Build.0 = Release|Any CPU
		{59CB39C7-464D-4D19-8F38-ABD590E6BDBD}.Release|iPhone.ActiveCfg = Release|Any CPU
		{59CB39C7-464D-4D19-8F38-ABD590E6BDBD}.Release|iPhone.Build.0 = Release|Any CPU
		{59CB39C7-464D-4D19-8F38-ABD590E6BDBD}.Release|iPhoneSimulator.ActiveCfg = Release|Any CPU
		{59CB39C7-464D-4D19-8F38-ABD590E6BDBD}.Release|iPhoneSimulator.Build.0 = Release|Any CPU
		{59CB39C7-464D-4D19-8F38-ABD590E6BDBD}.Release|x64.ActiveCfg = Release|Any CPU
		{59CB39C7-464D-4D19-8F38-ABD590E6BDBD}.Release|x64.Build.0 = Release|Any CPU
		{59CB39C7-464D-4D19-8F38-ABD590E6BDBD}.Release|x86.ActiveCfg = Release|Any CPU
		{59CB39C7-464D-4D19-8F38-ABD590E6BDBD}.Release|x86.Build.0 = Release|Any CPU
		{BF2F8849-80CA-4619-A978-0308B0B4BB3B}.Debug|Any CPU.ActiveCfg = Debug|Any CPU
		{BF2F8849-80CA-4619-A978-0308B0B4BB3B}.Debug|Any CPU.Build.0 = Debug|Any CPU
		{BF2F8849-80CA-4619-A978-0308B0B4BB3B}.Debug|iPhone.ActiveCfg = Debug|Any CPU
		{BF2F8849-80CA-4619-A978-0308B0B4BB3B}.Debug|iPhone.Build.0 = Debug|Any CPU
		{BF2F8849-80CA-4619-A978-0308B0B4BB3B}.Debug|iPhoneSimulator.ActiveCfg = Debug|Any CPU
		{BF2F8849-80CA-4619-A978-0308B0B4BB3B}.Debug|iPhoneSimulator.Build.0 = Debug|Any CPU
		{BF2F8849-80CA-4619-A978-0308B0B4BB3B}.Debug|x64.ActiveCfg = Debug|Any CPU
		{BF2F8849-80CA-4619-A978-0308B0B4BB3B}.Debug|x64.Build.0 = Debug|Any CPU
		{BF2F8849-80CA-4619-A978-0308B0B4BB3B}.Debug|x86.ActiveCfg = Debug|Any CPU
		{BF2F8849-80CA-4619-A978-0308B0B4BB3B}.Debug|x86.Build.0 = Debug|Any CPU
		{BF2F8849-80CA-4619-A978-0308B0B4BB3B}.Release|Any CPU.ActiveCfg = Release|Any CPU
		{BF2F8849-80CA-4619-A978-0308B0B4BB3B}.Release|Any CPU.Build.0 = Release|Any CPU
		{BF2F8849-80CA-4619-A978-0308B0B4BB3B}.Release|iPhone.ActiveCfg = Release|Any CPU
		{BF2F8849-80CA-4619-A978-0308B0B4BB3B}.Release|iPhone.Build.0 = Release|Any CPU
		{BF2F8849-80CA-4619-A978-0308B0B4BB3B}.Release|iPhoneSimulator.ActiveCfg = Release|Any CPU
		{BF2F8849-80CA-4619-A978-0308B0B4BB3B}.Release|iPhoneSimulator.Build.0 = Release|Any CPU
		{BF2F8849-80CA-4619-A978-0308B0B4BB3B}.Release|x64.ActiveCfg = Release|Any CPU
		{BF2F8849-80CA-4619-A978-0308B0B4BB3B}.Release|x64.Build.0 = Release|Any CPU
		{BF2F8849-80CA-4619-A978-0308B0B4BB3B}.Release|x86.ActiveCfg = Release|Any CPU
		{BF2F8849-80CA-4619-A978-0308B0B4BB3B}.Release|x86.Build.0 = Release|Any CPU
		{4E2FDDAB-F2E3-483F-AB92-E19ACC1BED7A}.Debug|Any CPU.ActiveCfg = Debug|Any CPU
		{4E2FDDAB-F2E3-483F-AB92-E19ACC1BED7A}.Debug|Any CPU.Build.0 = Debug|Any CPU
		{4E2FDDAB-F2E3-483F-AB92-E19ACC1BED7A}.Debug|iPhone.ActiveCfg = Debug|Any CPU
		{4E2FDDAB-F2E3-483F-AB92-E19ACC1BED7A}.Debug|iPhone.Build.0 = Debug|Any CPU
		{4E2FDDAB-F2E3-483F-AB92-E19ACC1BED7A}.Debug|iPhoneSimulator.ActiveCfg = Debug|Any CPU
		{4E2FDDAB-F2E3-483F-AB92-E19ACC1BED7A}.Debug|iPhoneSimulator.Build.0 = Debug|Any CPU
		{4E2FDDAB-F2E3-483F-AB92-E19ACC1BED7A}.Debug|x64.ActiveCfg = Debug|Any CPU
		{4E2FDDAB-F2E3-483F-AB92-E19ACC1BED7A}.Debug|x64.Build.0 = Debug|Any CPU
		{4E2FDDAB-F2E3-483F-AB92-E19ACC1BED7A}.Debug|x86.ActiveCfg = Debug|Any CPU
		{4E2FDDAB-F2E3-483F-AB92-E19ACC1BED7A}.Debug|x86.Build.0 = Debug|Any CPU
		{4E2FDDAB-F2E3-483F-AB92-E19ACC1BED7A}.Release|Any CPU.ActiveCfg = Release|Any CPU
		{4E2FDDAB-F2E3-483F-AB92-E19ACC1BED7A}.Release|Any CPU.Build.0 = Release|Any CPU
		{4E2FDDAB-F2E3-483F-AB92-E19ACC1BED7A}.Release|iPhone.ActiveCfg = Release|Any CPU
		{4E2FDDAB-F2E3-483F-AB92-E19ACC1BED7A}.Release|iPhone.Build.0 = Release|Any CPU
		{4E2FDDAB-F2E3-483F-AB92-E19ACC1BED7A}.Release|iPhoneSimulator.ActiveCfg = Release|Any CPU
		{4E2FDDAB-F2E3-483F-AB92-E19ACC1BED7A}.Release|iPhoneSimulator.Build.0 = Release|Any CPU
		{4E2FDDAB-F2E3-483F-AB92-E19ACC1BED7A}.Release|x64.ActiveCfg = Release|Any CPU
		{4E2FDDAB-F2E3-483F-AB92-E19ACC1BED7A}.Release|x64.Build.0 = Release|Any CPU
		{4E2FDDAB-F2E3-483F-AB92-E19ACC1BED7A}.Release|x86.ActiveCfg = Release|Any CPU
		{4E2FDDAB-F2E3-483F-AB92-E19ACC1BED7A}.Release|x86.Build.0 = Release|Any CPU
		{FB4AA57E-E092-4831-B92A-5F1A49112095}.Debug|Any CPU.ActiveCfg = Debug|Any CPU
		{FB4AA57E-E092-4831-B92A-5F1A49112095}.Debug|Any CPU.Build.0 = Debug|Any CPU
		{FB4AA57E-E092-4831-B92A-5F1A49112095}.Debug|iPhone.ActiveCfg = Debug|Any CPU
		{FB4AA57E-E092-4831-B92A-5F1A49112095}.Debug|iPhone.Build.0 = Debug|Any CPU
		{FB4AA57E-E092-4831-B92A-5F1A49112095}.Debug|iPhoneSimulator.ActiveCfg = Debug|Any CPU
		{FB4AA57E-E092-4831-B92A-5F1A49112095}.Debug|iPhoneSimulator.Build.0 = Debug|Any CPU
		{FB4AA57E-E092-4831-B92A-5F1A49112095}.Debug|x64.ActiveCfg = Debug|Any CPU
		{FB4AA57E-E092-4831-B92A-5F1A49112095}.Debug|x64.Build.0 = Debug|Any CPU
		{FB4AA57E-E092-4831-B92A-5F1A49112095}.Debug|x86.ActiveCfg = Debug|Any CPU
		{FB4AA57E-E092-4831-B92A-5F1A49112095}.Debug|x86.Build.0 = Debug|Any CPU
		{FB4AA57E-E092-4831-B92A-5F1A49112095}.Release|Any CPU.ActiveCfg = Release|Any CPU
		{FB4AA57E-E092-4831-B92A-5F1A49112095}.Release|Any CPU.Build.0 = Release|Any CPU
		{FB4AA57E-E092-4831-B92A-5F1A49112095}.Release|iPhone.ActiveCfg = Release|Any CPU
		{FB4AA57E-E092-4831-B92A-5F1A49112095}.Release|iPhone.Build.0 = Release|Any CPU
		{FB4AA57E-E092-4831-B92A-5F1A49112095}.Release|iPhoneSimulator.ActiveCfg = Release|Any CPU
		{FB4AA57E-E092-4831-B92A-5F1A49112095}.Release|iPhoneSimulator.Build.0 = Release|Any CPU
		{FB4AA57E-E092-4831-B92A-5F1A49112095}.Release|x64.ActiveCfg = Release|Any CPU
		{FB4AA57E-E092-4831-B92A-5F1A49112095}.Release|x64.Build.0 = Release|Any CPU
		{FB4AA57E-E092-4831-B92A-5F1A49112095}.Release|x86.ActiveCfg = Release|Any CPU
		{FB4AA57E-E092-4831-B92A-5F1A49112095}.Release|x86.Build.0 = Release|Any CPU
		{497B7640-33DF-4861-94B0-E56AE2C6BCE7}.Debug|Any CPU.ActiveCfg = Debug|Any CPU
		{497B7640-33DF-4861-94B0-E56AE2C6BCE7}.Debug|Any CPU.Build.0 = Debug|Any CPU
		{497B7640-33DF-4861-94B0-E56AE2C6BCE7}.Debug|iPhone.ActiveCfg = Debug|Any CPU
		{497B7640-33DF-4861-94B0-E56AE2C6BCE7}.Debug|iPhone.Build.0 = Debug|Any CPU
		{497B7640-33DF-4861-94B0-E56AE2C6BCE7}.Debug|iPhoneSimulator.ActiveCfg = Debug|Any CPU
		{497B7640-33DF-4861-94B0-E56AE2C6BCE7}.Debug|iPhoneSimulator.Build.0 = Debug|Any CPU
		{497B7640-33DF-4861-94B0-E56AE2C6BCE7}.Debug|x64.ActiveCfg = Debug|Any CPU
		{497B7640-33DF-4861-94B0-E56AE2C6BCE7}.Debug|x64.Build.0 = Debug|Any CPU
		{497B7640-33DF-4861-94B0-E56AE2C6BCE7}.Debug|x86.ActiveCfg = Debug|Any CPU
		{497B7640-33DF-4861-94B0-E56AE2C6BCE7}.Debug|x86.Build.0 = Debug|Any CPU
		{497B7640-33DF-4861-94B0-E56AE2C6BCE7}.Release|Any CPU.ActiveCfg = Release|Any CPU
		{497B7640-33DF-4861-94B0-E56AE2C6BCE7}.Release|Any CPU.Build.0 = Release|Any CPU
		{497B7640-33DF-4861-94B0-E56AE2C6BCE7}.Release|iPhone.ActiveCfg = Release|Any CPU
		{497B7640-33DF-4861-94B0-E56AE2C6BCE7}.Release|iPhone.Build.0 = Release|Any CPU
		{497B7640-33DF-4861-94B0-E56AE2C6BCE7}.Release|iPhoneSimulator.ActiveCfg = Release|Any CPU
		{497B7640-33DF-4861-94B0-E56AE2C6BCE7}.Release|iPhoneSimulator.Build.0 = Release|Any CPU
		{497B7640-33DF-4861-94B0-E56AE2C6BCE7}.Release|x64.ActiveCfg = Release|Any CPU
		{497B7640-33DF-4861-94B0-E56AE2C6BCE7}.Release|x64.Build.0 = Release|Any CPU
		{497B7640-33DF-4861-94B0-E56AE2C6BCE7}.Release|x86.ActiveCfg = Release|Any CPU
		{497B7640-33DF-4861-94B0-E56AE2C6BCE7}.Release|x86.Build.0 = Release|Any CPU
	EndGlobalSection
	GlobalSection(SolutionProperties) = preSolution
		HideSolutionNode = FALSE
	EndGlobalSection
	GlobalSection(NestedProjects) = preSolution
		{809919B2-C095-473E-9CEE-8B70A4DC7138} = {EB318766-D8E7-4777-9507-EDFD83E45828}
		{84D52106-1B7E-4590-A149-3A838E092825} = {94EA6C01-3988-480A-87D5-28A2266EDF92}
		{C44E8F75-D645-40A3-9892-051E6F40114A} = {DC1F3D67-4025-451A-9E3C-C4280FF12838}
		{9FC81125-076D-4AFC-8180-DE27BB1EAF33} = {416BABDA-FDDD-4535-84D3-D305796CC9FD}
		{68DDFA19-3DFC-4237-8F63-6892CA0A0638} = {EB318766-D8E7-4777-9507-EDFD83E45828}
		{F71E183C-6CFC-453B-B3EF-DBCCB242A62F} = {DC1F3D67-4025-451A-9E3C-C4280FF12838}
		{B1BD22BE-6334-4131-90EA-DE94E658298B} = {94EA6C01-3988-480A-87D5-28A2266EDF92}
		{645C6D11-EF3F-45C3-8DBC-BD4511419F9C} = {416BABDA-FDDD-4535-84D3-D305796CC9FD}
		{59CB39C7-464D-4D19-8F38-ABD590E6BDBD} = {416BABDA-FDDD-4535-84D3-D305796CC9FD}
		{BF2F8849-80CA-4619-A978-0308B0B4BB3B} = {416BABDA-FDDD-4535-84D3-D305796CC9FD}
		{4E2FDDAB-F2E3-483F-AB92-E19ACC1BED7A} = {94EA6C01-3988-480A-87D5-28A2266EDF92}
		{FB4AA57E-E092-4831-B92A-5F1A49112095} = {EB318766-D8E7-4777-9507-EDFD83E45828}
		{497B7640-33DF-4861-94B0-E56AE2C6BCE7} = {DC1F3D67-4025-451A-9E3C-C4280FF12838}
	EndGlobalSection
	GlobalSection(ExtensibilityGlobals) = postSolution
		SolutionGuid = {63D64FE2-1138-4B2D-A314-F2CF4EF45019}
	EndGlobalSection
EndGlobal
